
Microsoft Visual Studio Solution File, Format Version 12.00
Project("{FAE04EC0-301F-11D3-BF4B-00C04F79EFBC}") = "Oftp4Net.Server", "Oftp4Net.Server\Oftp4Net.Server.csproj", "{2948B19E-0A43-4D2F-A470-6E9A8184D7E1}"
EndProject
Project("{FAE04EC0-301F-11D3-BF4B-00C04F79EFBC}") = "Oftp4Net.Core", "Oftp4Net.Core\Oftp4Net.Core.csproj", "{C113A4EE-3472-4D90-A16E-52D881E6DF66}"
EndProject
Project("{FAE04EC0-301F-11D3-BF4B-00C04F79EFBC}") = "Oftp4Net.Domain", "Oftp4Net.Domain\Oftp4Net.Domain.csproj", "{6EC25463-31A8-410B-B397-940EBCB4BABF}"
EndProject
Project("{FAE04EC0-301F-11D3-BF4B-00C04F79EFBC}") = "Oftp4Net.DataLayer", "Oftp4Net.DataLayer\Oftp4Net.DataLayer.csproj", "{D4EE9698-913A-40FF-B0D1-E97A45208C63}"
EndProject
Project("{FAE04EC0-301F-11D3-BF4B-00C04F79EFBC}") = "Oftp4Net.Entity", "Oftp4Net.Entity\Oftp4Net.Entity.csproj", "{2C133F8E-AE90-4DC2-BB0A-C8061E769E5A}"
EndProject
Project("{FAE04EC0-301F-11D3-BF4B-00C04F79EFBC}") = "Oftp4Net.DependencyInjection", "Oftp4Net.DependencyInjection\Oftp4Net.DependencyInjection.csproj", "{EA57A7F6-5AF3-4FFF-9DD3-3B073D2853B8}"
EndProject
Project("{FAE04EC0-301F-11D3-BF4B-00C04F79EFBC}") = "Oftp4Net.Services", "Oftp4Net.Services\Oftp4Net.Services.csproj", "{B137E792-2018-4323-8B02-C381A8DBB5AB}"
EndProject
Project("{FAE04EC0-301F-11D3-BF4B-00C04F79EFBC}") = "Oftp4Net.Core.Tests", "Oftp4Net.Core.Tests\Oftp4Net.Core.Tests.csproj", "{58283BB3-9488-4161-95F7-2E19579D29B3}"
EndProject
Project("{FAE04EC0-301F-11D3-BF4B-00C04F79EFBC}") = "Oftp4Net.Services.Tests", "Oftp4Net.Services.Tests\Oftp4Net.Services.Tests.csproj", "{3585CB3F-00AE-40DF-A414-5FDD1308AA41}"
EndProject
Global
	GlobalSection(SolutionConfigurationPlatforms) = preSolution
		Debug|Any CPU = Debug|Any CPU
		Debug|x64 = Debug|x64
		Debug|x86 = Debug|x86
		Release|Any CPU = Release|Any CPU
		Release|x64 = Release|x64
		Release|x86 = Release|x86
	EndGlobalSection
	GlobalSection(ProjectConfigurationPlatforms) = postSolution
		{2948B19E-0A43-4D2F-A470-6E9A8184D7E1}.Debug|Any CPU.ActiveCfg = Debug|Any CPU
		{2948B19E-0A43-4D2F-A470-6E9A8184D7E1}.Debug|Any CPU.Build.0 = Debug|Any CPU
		{2948B19E-0A43-4D2F-A470-6E9A8184D7E1}.Debug|x64.ActiveCfg = Debug|Any CPU
		{2948B19E-0A43-4D2F-A470-6E9A8184D7E1}.Debug|x64.Build.0 = Debug|Any CPU
		{2948B19E-0A43-4D2F-A470-6E9A8184D7E1}.Debug|x86.ActiveCfg = Debug|Any CPU
		{2948B19E-0A43-4D2F-A470-6E9A8184D7E1}.Debug|x86.Build.0 = Debug|Any CPU
		{2948B19E-0A43-4D2F-A470-6E9A8184D7E1}.Release|Any CPU.ActiveCfg = Release|Any CPU
		{2948B19E-0A43-4D2F-A470-6E9A8184D7E1}.Release|Any CPU.Build.0 = Release|Any CPU
		{2948B19E-0A43-4D2F-A470-6E9A8184D7E1}.Release|x64.ActiveCfg = Release|Any CPU
		{2948B19E-0A43-4D2F-A470-6E9A8184D7E1}.Release|x64.Build.0 = Release|Any CPU
		{2948B19E-0A43-4D2F-A470-6E9A8184D7E1}.Release|x86.ActiveCfg = Release|Any CPU
		{2948B19E-0A43-4D2F-A470-6E9A8184D7E1}.Release|x86.Build.0 = Release|Any CPU
		{C113A4EE-3472-4D90-A16E-52D881E6DF66}.Debug|Any CPU.ActiveCfg = Debug|Any CPU
		{C113A4EE-3472-4D90-A16E-52D881E6DF66}.Debug|Any CPU.Build.0 = Debug|Any CPU
		{C113A4EE-3472-4D90-A16E-52D881E6DF66}.Debug|x64.ActiveCfg = Debug|Any CPU
		{C113A4EE-3472-4D90-A16E-52D881E6DF66}.Debug|x64.Build.0 = Debug|Any CPU
		{C113A4EE-3472-4D90-A16E-52D881E6DF66}.Debug|x86.ActiveCfg = Debug|Any CPU
		{C113A4EE-3472-4D90-A16E-52D881E6DF66}.Debug|x86.Build.0 = Debug|Any CPU
		{C113A4EE-3472-4D90-A16E-52D881E6DF66}.Release|Any CPU.ActiveCfg = Release|Any CPU
		{C113A4EE-3472-4D90-A16E-52D881E6DF66}.Release|Any CPU.Build.0 = Release|Any CPU
		{C113A4EE-3472-4D90-A16E-52D881E6DF66}.Release|x64.ActiveCfg = Release|Any CPU
		{C113A4EE-3472-4D90-A16E-52D881E6DF66}.Release|x64.Build.0 = Release|Any CPU
		{C113A4EE-3472-4D90-A16E-52D881E6DF66}.Release|x86.ActiveCfg = Release|Any CPU
		{C113A4EE-3472-4D90-A16E-52D881E6DF66}.Release|x86.Build.0 = Release|Any CPU
		{6EC25463-31A8-410B-B397-940EBCB4BABF}.Debug|Any CPU.ActiveCfg = Debug|Any CPU
		{6EC25463-31A8-410B-B397-940EBCB4BABF}.Debug|Any CPU.Build.0 = Debug|Any CPU
		{6EC25463-31A8-410B-B397-940EBCB4BABF}.Debug|x64.ActiveCfg = Debug|Any CPU
		{6EC25463-31A8-410B-B397-940EBCB4BABF}.Debug|x64.Build.0 = Debug|Any CPU
		{6EC25463-31A8-410B-B397-940EBCB4BABF}.Debug|x86.ActiveCfg = Debug|Any CPU
		{6EC25463-31A8-410B-B397-940EBCB4BABF}.Debug|x86.Build.0 = Debug|Any CPU
		{6EC25463-31A8-410B-B397-940EBCB4BABF}.Release|Any CPU.ActiveCfg = Release|Any CPU
		{6EC25463-31A8-410B-B397-940EBCB4BABF}.Release|Any CPU.Build.0 = Release|Any CPU
		{6EC25463-31A8-410B-B397-940EBCB4BABF}.Release|x64.ActiveCfg = Release|Any CPU
		{6EC25463-31A8-410B-B397-940EBCB4BABF}.Release|x64.Build.0 = Release|Any CPU
		{6EC25463-31A8-410B-B397-940EBCB4BABF}.Release|x86.ActiveCfg = Release|Any CPU
		{6EC25463-31A8-410B-B397-940EBCB4BABF}.Release|x86.Build.0 = Release|Any CPU
		{D4EE9698-913A-40FF-B0D1-E97A45208C63}.Debug|Any CPU.ActiveCfg = Debug|Any CPU
		{D4EE9698-913A-40FF-B0D1-E97A45208C63}.Debug|Any CPU.Build.0 = Debug|Any CPU
		{D4EE9698-913A-40FF-B0D1-E97A45208C63}.Debug|x64.ActiveCfg = Debug|Any CPU
		{D4EE9698-913A-40FF-B0D1-E97A45208C63}.Debug|x64.Build.0 = Debug|Any CPU
		{D4EE9698-913A-40FF-B0D1-E97A45208C63}.Debug|x86.ActiveCfg = Debug|Any CPU
		{D4EE9698-913A-40FF-B0D1-E97A45208C63}.Debug|x86.Build.0 = Debug|Any CPU
		{D4EE9698-913A-40FF-B0D1-E97A45208C63}.Release|Any CPU.ActiveCfg = Release|Any CPU
		{D4EE9698-913A-40FF-B0D1-E97A45208C63}.Release|Any CPU.Build.0 = Release|Any CPU
		{D4EE9698-913A-40FF-B0D1-E97A45208C63}.Release|x64.ActiveCfg = Release|Any CPU
		{D4EE9698-913A-40FF-B0D1-E97A45208C63}.Release|x64.Build.0 = Release|Any CPU
		{D4EE9698-913A-40FF-B0D1-E97A45208C63}.Release|x86.ActiveCfg = Release|Any CPU
		{D4EE9698-913A-40FF-B0D1-E97A45208C63}.Release|x86.Build.0 = Release|Any CPU
		{2C133F8E-AE90-4DC2-BB0A-C8061E769E5A}.Debug|Any CPU.ActiveCfg = Debug|Any CPU
		{2C133F8E-AE90-4DC2-BB0A-C8061E769E5A}.Debug|Any CPU.Build.0 = Debug|Any CPU
		{2C133F8E-AE90-4DC2-BB0A-C8061E769E5A}.Debug|x64.ActiveCfg = Debug|Any CPU
		{2C133F8E-AE90-4DC2-BB0A-C8061E769E5A}.Debug|x64.Build.0 = Debug|Any CPU
		{2C133F8E-AE90-4DC2-BB0A-C8061E769E5A}.Debug|x86.ActiveCfg = Debug|Any CPU
		{2C133F8E-AE90-4DC2-BB0A-C8061E769E5A}.Debug|x86.Build.0 = Debug|Any CPU
		{2C133F8E-AE90-4DC2-BB0A-C8061E769E5A}.Release|Any CPU.ActiveCfg = Release|Any CPU
		{2C133F8E-AE90-4DC2-BB0A-C8061E769E5A}.Release|Any CPU.Build.0 = Release|Any CPU
		{2C133F8E-AE90-4DC2-BB0A-C8061E769E5A}.Release|x64.ActiveCfg = Release|Any CPU
		{2C133F8E-AE90-4DC2-BB0A-C8061E769E5A}.Release|x64.Build.0 = Release|Any CPU
		{2C133F8E-AE90-4DC2-BB0A-C8061E769E5A}.Release|x86.ActiveCfg = Release|Any CPU
		{2C133F8E-AE90-4DC2-BB0A-C8061E769E5A}.Release|x86.Build.0 = Release|Any CPU
		{EA57A7F6-5AF3-4FFF-9DD3-3B073D2853B8}.Debug|Any CPU.ActiveCfg = Debug|Any CPU
		{EA57A7F6-5AF3-4FFF-9DD3-3B073D2853B8}.Debug|Any CPU.Build.0 = Debug|Any CPU
		{EA57A7F6-5AF3-4FFF-9DD3-3B073D2853B8}.Debug|x64.ActiveCfg = Debug|Any CPU
		{EA57A7F6-5AF3-4FFF-9DD3-3B073D2853B8}.Debug|x64.Build.0 = Debug|Any CPU
		{EA57A7F6-5AF3-4FFF-9DD3-3B073D2853B8}.Debug|x86.ActiveCfg = Debug|Any CPU
		{EA57A7F6-5AF3-4FFF-9DD3-3B073D2853B8}.Debug|x86.Build.0 = Debug|Any CPU
		{EA57A7F6-5AF3-4FFF-9DD3-3B073D2853B8}.Release|Any CPU.ActiveCfg = Release|Any CPU
		{EA57A7F6-5AF3-4FFF-9DD3-3B073D2853B8}.Release|Any CPU.Build.0 = Release|Any CPU
		{EA57A7F6-5AF3-4FFF-9DD3-3B073D2853B8}.Release|x64.ActiveCfg = Release|Any CPU
		{EA57A7F6-5AF3-4FFF-9DD3-3B073D2853B8}.Release|x64.Build.0 = Release|Any CPU
		{EA57A7F6-5AF3-4FFF-9DD3-3B073D2853B8}.Release|x86.ActiveCfg = Release|Any CPU
		{EA57A7F6-5AF3-4FFF-9DD3-3B073D2853B8}.Release|x86.Build.0 = Release|Any CPU
		{B137E792-2018-4323-8B02-C381A8DBB5AB}.Debug|Any CPU.ActiveCfg = Debug|Any CPU
		{B137E792-2018-4323-8B02-C381A8DBB5AB}.Debug|Any CPU.Build.0 = Debug|Any CPU
		{B137E792-2018-4323-8B02-C381A8DBB5AB}.Debug|x64.ActiveCfg = Debug|Any CPU
		{B137E792-2018-4323-8B02-C381A8DBB5AB}.Debug|x64.Build.0 = Debug|Any CPU
		{B137E792-2018-4323-8B02-C381A8DBB5AB}.Debug|x86.ActiveCfg = Debug|Any CPU
		{B137E792-2018-4323-8B02-C381A8DBB5AB}.Debug|x86.Build.0 = Debug|Any CPU
		{B137E792-2018-4323-8B02-C381A8DBB5AB}.Release|Any CPU.ActiveCfg = Release|Any CPU
		{B137E792-2018-4323-8B02-C381A8DBB5AB}.Release|Any CPU.Build.0 = Release|Any CPU
		{B137E792-2018-4323-8B02-C381A8DBB5AB}.Release|x64.ActiveCfg = Release|Any CPU
		{B137E792-2018-4323-8B02-C381A8DBB5AB}.Release|x64.Build.0 = Release|Any CPU
		{B137E792-2018-4323-8B02-C381A8DBB5AB}.Release|x86.ActiveCfg = Release|Any CPU
		{B137E792-2018-4323-8B02-C381A8DBB5AB}.Release|x86.Build.0 = Release|Any CPU
		{58283BB3-9488-4161-95F7-2E19579D29B3}.Debug|Any CPU.ActiveCfg = Debug|Any CPU
		{58283BB3-9488-4161-95F7-2E19579D29B3}.Debug|Any CPU.Build.0 = Debug|Any CPU
		{58283BB3-9488-4161-95F7-2E19579D29B3}.Debug|x64.ActiveCfg = Debug|Any CPU
		{58283BB3-9488-4161-95F7-2E19579D29B3}.Debug|x64.Build.0 = Debug|Any CPU
		{58283BB3-9488-4161-95F7-2E19579D29B3}.Debug|x86.ActiveCfg = Debug|Any CPU
		{58283BB3-9488-4161-95F7-2E19579D29B3}.Debug|x86.Build.0 = Debug|Any CPU
		{58283BB3-9488-4161-95F7-2E19579D29B3}.Release|Any CPU.ActiveCfg = Release|Any CPU
		{58283BB3-9488-4161-95F7-2E19579D29B3}.Release|Any CPU.Build.0 = Release|Any CPU
		{58283BB3-9488-4161-95F7-2E19579D29B3}.Release|x64.ActiveCfg = Release|Any CPU
		{58283BB3-9488-4161-95F7-2E19579D29B3}.Release|x64.Build.0 = Release|Any CPU
		{58283BB3-9488-4161-95F7-2E19579D29B3}.Release|x86.ActiveCfg = Release|Any CPU
		{58283BB3-9488-4161-95F7-2E19579D29B3}.Release|x86.Build.0 = Release|Any CPU
		{3585CB3F-00AE-40DF-A414-5FDD1308AA41}.Debug|Any CPU.ActiveCfg = Debug|Any CPU
		{3585CB3F-00AE-40DF-A414-5FDD1308AA41}.Debug|Any CPU.Build.0 = Debug|Any CPU
		{3585CB3F-00AE-40DF-A414-5FDD1308AA41}.Debug|x64.ActiveCfg = Debug|Any CPU
		{3585CB3F-00AE-40DF-A414-5FDD1308AA41}.Debug|x64.Build.0 = Debug|Any CPU
		{3585CB3F-00AE-40DF-A414-5FDD1308AA41}.Debug|x86.ActiveCfg = Debug|Any CPU
		{3585CB3F-00AE-40DF-A414-5FDD1308AA41}.Debug|x86.Build.0 = Debug|Any CPU
		{3585CB3F-00AE-40DF-A414-5FDD1308AA41}.Release|Any CPU.ActiveCfg = Release|Any CPU
		{3585CB3F-00AE-40DF-A414-5FDD1308AA41}.Release|Any CPU.Build.0 = Release|Any CPU
		{3585CB3F-00AE-40DF-A414-5FDD1308AA41}.Release|x64.ActiveCfg = Release|Any CPU
		{3585CB3F-00AE-40DF-A414-5FDD1308AA41}.Release|x64.Build.0 = Release|Any CPU
		{3585CB3F-00AE-40DF-A414-5FDD1308AA41}.Release|x86.ActiveCfg = Release|Any CPU
		{3585CB3F-00AE-40DF-A414-5FDD1308AA41}.Release|x86.Build.0 = Release|Any CPU
	EndGlobalSection
	GlobalSection(SolutionProperties) = preSolution
		HideSolutionNode = FALSE
	EndGlobalSection
EndGlobal
